schema: '2.0'
stages:
  parse_svg:
    cmd: python image_processing/parse_png.py
    deps:
    - path: data/toadz
      md5: 9dbdd6f94c09628c3789ee98a0e41c02.dir
      size: 646883
      nfiles: 56
    - path: image_processing/constants.py
      md5: 30c5a96820282ff44adeb628eae53f27
      size: 173
    - path: image_processing/parse_png.py
      md5: db735ff1c387a9626188ed47558352fa
      size: 1942
    outs:
    - path: data/palettes.json
      md5: 443ff095f7d5e9cae52805a11c7722f2
      size: 675440
    - path: data/toadz_computed
      md5: 282cfc7a7a385b9adfc75317db6ef19c.dir
      size: 4174408
      nfiles: 56
